Microsoft Visual Studio Solution File, Format Version 12.00
# Visual Studio Version 17
VisualStudioVersion = 17.5.2.0
MinimumVisualStudioVersion = 10.0.40219.1
Project("{FAE04EC0-301F-11D3-BF4B-00C04F79EFBC}") = "NotaFacil.InventoryService", "NotaFacil.InventoryService.csproj", "{ADAF8D6F-9241-78A4-EBB0-6B98D1396284}"
EndProject
Global
	GlobalSection(SolutionConfigurationPlatforms) = preSolution
		Debug|Any CPU = Debug|Any CPU
		Release|Any CPU = Release|Any CPU
	EndGlobalSection
	GlobalSection(ProjectConfigurationPlatforms) = postSolution
		{ADAF8D6F-9241-78A4-EBB0-6B98D1396284}.Debug|Any CPU.ActiveCfg = Debug|Any CPU
		{ADAF8D6F-9241-78A4-EBB0-6B98D1396284}.Debug|Any CPU.Build.0 = Debug|Any CPU
		{ADAF8D6F-9241-78A4-EBB0-6B98D1396284}.Release|Any CPU.ActiveCfg = Release|Any CPU
		{ADAF8D6F-9241-78A4-EBB0-6B98D1396284}.Release|Any CPU.Build.0 = Release|Any CPU
	EndGlobalSection
	GlobalSection(SolutionProperties) = preSolution
		HideSolutionNode = FALSE
	EndGlobalSection
	GlobalSection(ExtensibilityGlobals) = postSolution
		SolutionGuid = {909ED1D6-9DFE-48BE-9C13-A065F51F48AF}
	EndGlobalSection
EndGlobal
